<?xml version="1.0" encoding="UTF-8" standalone="yes" ?>
<CodeBlocks_project_file>
	<FileVersion major="1" minor="6" />
	<Project>
		<Option title="OpenPlayer" />
		<Option pch_mode="2" />
		<Option compiler="gcc" />
		<Build>
			<Target title="Debug">
				<Option output="bin\OpenPlayer_d" prefix_auto="1" extension_auto="1" />
				<Option object_output="obj\Debug\" />
				<Option type="1" />
				<Option compiler="gcc" />
				<Compiler>
					<Add option="-g" />
				</Compiler>
				<Linker>
					<Add library="..\..\SDL-1.2.9\lib\SDL_mixer.lib" />
				</Linker>
			</Target>
			<Target title="Release">
				<Option output="bin\OpenPlayer_r" prefix_auto="1" extension_auto="1" />
				<Option object_output="obj\Release\" />
				<Option type="0" />
				<Option compiler="gcc" />
				<Compiler>
					<Add option="-O2" />
				</Compiler>
				<Linker>
					<Add option="-s" />
				</Linker>
			</Target>
		</Build>
		<Compiler>
			<Add option="-Wall" />
			<Add directory="D:\CodeBlocks\SDL-1.2.9\include" />
		</Compiler>
		<Linker>
			<Add library="mingw32" />
			<Add library="SDLmain" />
			<Add library="SDL.dll" />
			<Add library="user32" />
			<Add library="gdi32" />
			<Add library="winmm" />
			<Add library="dxguid" />
			<Add library="C:\Program Files (x86)\CodeBlocks\MinGW\lib\libcomdlg32.a" />
			<Add directory="D:\CodeBlocks\SDL-1.2.9\lib" />
		</Linker>
		<Unit filename="Events.cpp" />
		<Unit filename="inc\CommandHandler.h" />
		<Unit filename="inc\CommandIDs.h" />
		<Unit filename="inc\Commands.h" />
		<Unit filename="inc\DSP.h" />
		<Unit filename="inc\Display.h" />
		<Unit filename="inc\DisplayButton.h" />
		<Unit filename="inc\EventListener.h" />
		<Unit filename="inc\Events.h" />
		<Unit filename="inc\MultiStateButton.h" />
		<Unit filename="inc\SoundHandler.h" />
		<Unit filename="inc\ToggleDisplayButton.h" />
		<Unit filename="main.cpp" />
		<Extensions>
			<code_completion />
			<debugger />
		</Extensions>
	</Project>
</CodeBlocks_project_file>
